
Microsoft Visual Studio Solution File, Format Version 12.00
# Visual Studio Version 17
VisualStudioVersion = 17.1.32210.238
MinimumVisualStudioVersion = 10.0.40219.1
Project("{FAE04EC0-301F-11D3-BF4B-00C04F79EFBC}") = "tugas1", "tugas1\tugas1.csproj", "{5AEF14C9-41DF-4C3D-B796-FB180436BF63}"
EndProject
Global
	GlobalSection(SolutionConfigurationPlatforms) = preSolution
		Debug|Any CPU = Debug|Any CPU
		Release|Any CPU = Release|Any CPU
	EndGlobalSection
	GlobalSection(ProjectConfigurationPlatforms) = postSolution
		{5AEF14C9-41DF-4C3D-B796-FB180436BF63}.Debug|Any CPU.ActiveCfg = Debug|Any CPU
		{5AEF14C9-41DF-4C3D-B796-FB180436BF63}.Debug|Any CPU.Build.0 = Debug|Any CPU
		{5AEF14C9-41DF-4C3D-B796-FB180436BF63}.Release|Any CPU.ActiveCfg = Release|Any CPU
		{5AEF14C9-41DF-4C3D-B796-FB180436BF63}.Release|Any CPU.Build.0 = Release|Any CPU
	EndGlobalSection
	GlobalSection(SolutionProperties) = preSolution
		HideSolutionNode = FALSE
	EndGlobalSection
	GlobalSection(ExtensibilityGlobals) = postSolution
		SolutionGuid = {BEC12C08-CFB6-4080-A82A-1A5F5ABF4F25}
	EndGlobalSection
EndGlobal
